
Microsoft Visual Studio Solution File, Format Version 12.00
# Visual Studio Version 16
VisualStudioVersion = 16.0.31129.286
MinimumVisualStudioVersion = 10.0.40219.1
Project("{FAE04EC0-301F-11D3-BF4B-00C04F79EFBC}") = "Course", "Course\Course.csproj", "{7E0A5789-A337-4904-8303-D95739CA73B9}"
EndProject
Global
	GlobalSection(SolutionConfigurationPlatforms) = preSolution
		Debug|Any CPU = Debug|Any CPU
		Release|Any CPU = Release|Any CPU
	EndGlobalSection
	GlobalSection(ProjectConfigurationPlatforms) = postSolution
		{7E0A5789-A337-4904-8303-D95739CA73B9}.Debug|Any CPU.ActiveCfg = Debug|Any CPU
		{7E0A5789-A337-4904-8303-D95739CA73B9}.Debug|Any CPU.Build.0 = Debug|Any CPU
		{7E0A5789-A337-4904-8303-D95739CA73B9}.Release|Any CPU.ActiveCfg = Release|Any CPU
		{7E0A5789-A337-4904-8303-D95739CA73B9}.Release|Any CPU.Build.0 = Release|Any CPU
	EndGlobalSection
	GlobalSection(SolutionProperties) = preSolution
		HideSolutionNode = FALSE
	EndGlobalSection
	GlobalSection(ExtensibilityGlobals) = postSolution
		SolutionGuid = {356F63AC-A8D7-4B3C-AEDC-9DEF204DCC7B}
	EndGlobalSection
EndGlobal
